
Microsoft Visual Studio Solution File, Format Version 12.00
# Visual Studio Version 17
VisualStudioVersion = 17.3.32825.248
MinimumVisualStudioVersion = 10.0.40219.1
Project("{9A19103F-16F7-4668-BE54-9A1E7A4F7556}") = "YouTubeDownloadAppNET", "YouTubeDownloadAppNET\YouTubeDownloadAppNET.csproj", "{90445663-6511-499D-8BDB-A6272B4BA166}"
EndProject
Project("{9A19103F-16F7-4668-BE54-9A1E7A4F7556}") = "MediaToolkit", "MediaToolkit\MediaToolkit.csproj", "{4A44BE92-0197-4E6D-A543-EFC673504700}"
EndProject
Project("{9A19103F-16F7-4668-BE54-9A1E7A4F7556}") = "MediaToolkit.Core", "MediaToolkit.Core\MediaToolkit.Core.csproj", "{268A2AC2-B80F-445B-935D-7E165D26E882}"
EndProject
Global
	GlobalSection(SolutionConfigurationPlatforms) = preSolution
		Debug|Any CPU = Debug|Any CPU
		DebugToConsole|Any CPU = DebugToConsole|Any CPU
		Release|Any CPU = Release|Any CPU
	EndGlobalSection
	GlobalSection(ProjectConfigurationPlatforms) = postSolution
		{90445663-6511-499D-8BDB-A6272B4BA166}.Debug|Any CPU.ActiveCfg = Debug|Any CPU
		{90445663-6511-499D-8BDB-A6272B4BA166}.Debug|Any CPU.Build.0 = Debug|Any CPU
		{90445663-6511-499D-8BDB-A6272B4BA166}.DebugToConsole|Any CPU.ActiveCfg = Debug|Any CPU
		{90445663-6511-499D-8BDB-A6272B4BA166}.DebugToConsole|Any CPU.Build.0 = Debug|Any CPU
		{90445663-6511-499D-8BDB-A6272B4BA166}.Release|Any CPU.ActiveCfg = Release|Any CPU
		{90445663-6511-499D-8BDB-A6272B4BA166}.Release|Any CPU.Build.0 = Release|Any CPU
		{4A44BE92-0197-4E6D-A543-EFC673504700}.Debug|Any CPU.ActiveCfg = Debug|Any CPU
		{4A44BE92-0197-4E6D-A543-EFC673504700}.Debug|Any CPU.Build.0 = Debug|Any CPU
		{4A44BE92-0197-4E6D-A543-EFC673504700}.DebugToConsole|Any CPU.ActiveCfg = Debug|Any CPU
		{4A44BE92-0197-4E6D-A543-EFC673504700}.DebugToConsole|Any CPU.Build.0 = Debug|Any CPU
		{4A44BE92-0197-4E6D-A543-EFC673504700}.Release|Any CPU.ActiveCfg = Release|Any CPU
		{4A44BE92-0197-4E6D-A543-EFC673504700}.Release|Any CPU.Build.0 = Release|Any CPU
		{268A2AC2-B80F-445B-935D-7E165D26E882}.Debug|Any CPU.ActiveCfg = Debug|Any CPU
		{268A2AC2-B80F-445B-935D-7E165D26E882}.Debug|Any CPU.Build.0 = Debug|Any CPU
		{268A2AC2-B80F-445B-935D-7E165D26E882}.DebugToConsole|Any CPU.ActiveCfg = Debug|Any CPU
		{268A2AC2-B80F-445B-935D-7E165D26E882}.DebugToConsole|Any CPU.Build.0 = Debug|Any CPU
		{268A2AC2-B80F-445B-935D-7E165D26E882}.Release|Any CPU.ActiveCfg = Release|Any CPU
		{268A2AC2-B80F-445B-935D-7E165D26E882}.Release|Any CPU.Build.0 = Release|Any CPU
	EndGlobalSection
	GlobalSection(SolutionProperties) = preSolution
		HideSolutionNode = FALSE
	EndGlobalSection
	GlobalSection(ExtensibilityGlobals) = postSolution
		SolutionGuid = {711E77AE-DC82-4B0E-BC47-88B725EDC404}
	EndGlobalSection
EndGlobal
